
Microsoft Visual Studio Solution File, Format Version 12.00
# Visual Studio Version 16
VisualStudioVersion = 16.0.29709.97
MinimumVisualStudioVersion = 10.0.40219.1
Project("{FAE04EC0-301F-11D3-BF4B-00C04F79EFBC}") = "Insurance", "Insurance.csproj", "{126773D5-08C1-4CFE-B129-FC2055B84373}"
EndProject
Global
	GlobalSection(SolutionConfigurationPlatforms) = preSolution
		Debug|Any CPU = Debug|Any CPU
		Release|Any CPU = Release|Any CPU
	EndGlobalSection
	GlobalSection(ProjectConfigurationPlatforms) = postSolution
		{126773D5-08C1-4CFE-B129-FC2055B84373}.Debug|Any CPU.ActiveCfg = Debug|Any CPU
		{126773D5-08C1-4CFE-B129-FC2055B84373}.Debug|Any CPU.Build.0 = Debug|Any CPU
		{126773D5-08C1-4CFE-B129-FC2055B84373}.Release|Any CPU.ActiveCfg = Release|Any CPU
		{126773D5-08C1-4CFE-B129-FC2055B84373}.Release|Any CPU.Build.0 = Release|Any CPU
	EndGlobalSection
	GlobalSection(SolutionProperties) = preSolution
		HideSolutionNode = FALSE
	EndGlobalSection
	GlobalSection(ExtensibilityGlobals) = postSolution
		SolutionGuid = {B15C8042-AC6A-4FBB-9EF1-D7E0D2F8079B}
	EndGlobalSection
EndGlobal
