
Microsoft Visual Studio Solution File, Format Version 12.00
# Visual Studio Version 16
VisualStudioVersion = 16.0.29709.97
MinimumVisualStudioVersion = 10.0.40219.1
Project("{FAE04EC0-301F-11D3-BF4B-00C04F79EFBC}") = "InsuranceAppMVC", "InsuranceAppMVC.csproj", "{42DD318A-ABF2-4EA5-B1E9-B09D124B8608}"
EndProject
Global
	GlobalSection(SolutionConfigurationPlatforms) = preSolution
		Debug|Any CPU = Debug|Any CPU
		Release|Any CPU = Release|Any CPU
	EndGlobalSection
	GlobalSection(ProjectConfigurationPlatforms) = postSolution
		{42DD318A-ABF2-4EA5-B1E9-B09D124B8608}.Debug|Any CPU.ActiveCfg = Debug|Any CPU
		{42DD318A-ABF2-4EA5-B1E9-B09D124B8608}.Debug|Any CPU.Build.0 = Debug|Any CPU
		{42DD318A-ABF2-4EA5-B1E9-B09D124B8608}.Release|Any CPU.ActiveCfg = Release|Any CPU
		{42DD318A-ABF2-4EA5-B1E9-B09D124B8608}.Release|Any CPU.Build.0 = Release|Any CPU
	EndGlobalSection
	GlobalSection(SolutionProperties) = preSolution
		HideSolutionNode = FALSE
	EndGlobalSection
	GlobalSection(ExtensibilityGlobals) = postSolution
		SolutionGuid = {5B3F757E-12C6-434B-908F-4F0994A3B717}
	EndGlobalSection
EndGlobal
